
Microsoft Visual Studio Solution File, Format Version 12.00
# Visual Studio Version 16
VisualStudioVersion = 16.0.32407.337
MinimumVisualStudioVersion = 10.0.40219.1
Project("{FAE04EC0-301F-11D3-BF4B-00C04F79EFBC}") = "TesteGitHub", "TesteGitHub\TesteGitHub.csproj", "{69B13CD8-C5A8-474D-A19C-A520E249D82C}"
EndProject
Global
	GlobalSection(SolutionConfigurationPlatforms) = preSolution
		Debug|Any CPU = Debug|Any CPU
		Release|Any CPU = Release|Any CPU
	EndGlobalSection
	GlobalSection(ProjectConfigurationPlatforms) = postSolution
		{69B13CD8-C5A8-474D-A19C-A520E249D82C}.Debug|Any CPU.ActiveCfg = Debug|Any CPU
		{69B13CD8-C5A8-474D-A19C-A520E249D82C}.Debug|Any CPU.Build.0 = Debug|Any CPU
		{69B13CD8-C5A8-474D-A19C-A520E249D82C}.Release|Any CPU.ActiveCfg = Release|Any CPU
		{69B13CD8-C5A8-474D-A19C-A520E249D82C}.Release|Any CPU.Build.0 = Release|Any CPU
	EndGlobalSection
	GlobalSection(SolutionProperties) = preSolution
		HideSolutionNode = FALSE
	EndGlobalSection
	GlobalSection(ExtensibilityGlobals) = postSolution
		SolutionGuid = {BE76C300-75DF-40F3-9D85-46AB26004BE8}
	EndGlobalSection
EndGlobal
